// !$*UTF8*$!
{
	archiveVersion = 1;
	classes = {
	};
	objectVersion = 46;
	objects = {

/* Begin PBXBuildFile section */
		EEADA7ED1F5EB74E0076D127 /* AppDelegate.swift in Sources */ = {isa = PBXBuildFile; fileRef = EEADA7EC1F5EB74E0076D127 /* AppDelegate.swift */; };
		EEADA7EF1F5EB74E0076D127 /* ViewController.swift in Sources */ = {isa = PBXBuildFile; fileRef = EEADA7EE1F5EB74E0076D127 /* ViewController.swift */; };
		EEADA7F21F5EB74E0076D127 /* Main.storyboard in Resources */ = {isa = PBXBuildFile; fileRef = EEADA7F01F5EB74E0076D127 /* Main.storyboard */; };
		EEADA7F41F5EB74E0076D127 /* Assets.xcassets in Resources */ = {isa = PBXBuildFile; fileRef = EEADA7F31F5EB74E0076D127 /* Assets.xcassets */; };
		EEADA7F71F5EB74E0076D127 /* LaunchScreen.storyboard in Resources */ = {isa = PBXBuildFile; fileRef = EEADA7F51F5EB74E0076D127 /* LaunchScreen.storyboard */; };
		EEADA8011F5EBAB70076D127 /* storm.png in Resources */ = {isa = PBXBuildFile; fileRef = EEADA8001F5EBAB70076D127 /* storm.png */; };
/* End PBXBuildFile section */

/* Begin PBXFileReference section */
		EEADA7E91F5EB74E0076D127 /* JsonProject.app */ = {isa = PBXFileReference; explicitFileType = wrapper.application; includeInIndex = 0; path = JsonProject.app; sourceTree = BUILT_PRODUCTS_DIR; };
		EEADA7EC1F5EB74E0076D127 /* AppDelegate.swift */ = {isa = PBXFileReference; lastKnownFileType = sourcecode.swift; path = AppDelegate.swift; sourceTree = "<group>"; };
		EEADA7EE1F5EB74E0076D127 /* ViewController.swift */ = {isa = PBXFileReference; lastKnownFileType = sourcecode.swift; path = ViewController.swift; sourceTree = "<group>"; };
		EEADA7F11F5EB74E0076D127 /* Base */ = {isa = PBXFileReference; lastKnownFileType = file.storyboard; name = Base; path = Base.lproj/Main.storyboard; sourceTree = "<group>"; };
		EEADA7F31F5EB74E0076D127 /* Assets.xcassets */ = {isa = PBXFileReference; lastKnownFileType = folder.assetcatalog; path = Assets.xcassets; sourceTree = "<group>"; };
		EEADA7F61F5EB74E0076D127 /* Base */ = {isa = PBXFileReference; lastKnownFileType = file.storyboard; name = Base; path = Base.lproj/LaunchScreen.storyboard; sourceTree = "<group>"; };
		EEADA7F81F5EB74E0076D127 /* Info.plist */ = {isa = PBXFileReference; lastKnownFileType = text.plist.xml; path = Info.plist; sourceTree = "<group>"; };
		EEADA8001F5EBAB70076D127 /* storm.png */ = {isa = PBXFileReference; lastKnownFileType = image.png; path = storm.png; sourceTree = "<group>"; };
/* End PBXFileReference section */

/* Begin PBXFrameworksBuildPhase section */
		EEADA7E61F5EB74E0076D127 /* Frameworks */ = {
			isa = PBXFrameworksBuildPhase;
			buildActionMask = 2147483647;
			files = (
			);
			runOnlyForDeploymentPostprocessing = 0;
		};
/* End PBXFrameworksBuildPhase section */

/* Begin PBXGroup section */
		EEADA7E01F5EB74E0076D127 = {
			isa = PBXGroup;
			children = (
				EEADA7EB1F5EB74E0076D127 /* JsonProject */,
				EEADA7EA1F5EB74E0076D127 /* Products */,
			);
			sourceTree = "<group>";
		};
		EEADA7EA1F5EB74E0076D127 /* Products */ = {
			isa = PBXGroup;
			children = (
				EEADA7E91F5EB74E0076D127 /* JsonProject.app */,
			);
			name = Products;
			sourceTree = "<group>";
		};
		EEADA7EB1F5EB74E0076D127 /* JsonProject */ = {
			isa = PBXGroup;
			children = (
				EEADA7EC1F5EB74E0076D127 /* AppDelegate.swift */,
				EEADA7EE1F5EB74E0076D127 /* ViewController.swift */,
				EEADA7F01F5EB74E0076D127 /* Main.storyboard */,
				EEADA8001F5EBAB70076D127 /* storm.png */,
				EEADA7F31F5EB74E0076D127 /* Assets.xcassets */,
				EEADA7F51F5EB74E0076D127 /* LaunchScreen.storyboard */,
				EEADA7F81F5EB74E0076D127 /* Info.plist */,
			);
			path = JsonProject;
			sourceTree = "<group>";
		};
/* End PBXGroup section */

/* Begin PBXNativeTarget section */
		EEADA7E81F5EB74E0076D127 /* JsonProject */ = {
			isa = PBXNativeTarget;
			buildConfigurationList = EEADA7FB1F5EB74E0076D127 /* Build configuration list for PBXNativeTarget "JsonProject" */;
			buildPhases = (
				EEADA7E51F5EB74E0076D127 /* Sources */,
				EEADA7E61F5EB74E0076D127 /* Frameworks */,
				EEADA7E71F5EB74E0076D127 /* Resources */,
			);
			buildRules = (
			);
			dependencies = (
			);
			name = JsonProject;
			productName = JsonProject;
			productReference = EEADA7E91F5EB74E0076D127 /* JsonProject.app */;
			productType = "com.apple.product-type.application";
		};
/* End PBXNativeTarget section */

/* Begin PBXProject section */
		EEADA7E11F5EB74E0076D127 /* Project object */ = {
			isa = PBXProject;
			attributes = {
				LastSwiftUpdateCheck = 0830;
				LastUpgradeCheck = 0830;
				ORGANIZATIONNAME = apple;
				TargetAttributes = {
					EEADA7E81F5EB74E0076D127 = {
						CreatedOnToolsVersion = 8.3.3;
						DevelopmentTeam = TR9CCA88DN;
						ProvisioningStyle = Automatic;
					};
				};
			};
			buildConfigurationList = EEADA7E41F5EB74E0076D127 /* Build configuration list for PBXProject "JsonProject" */;
			compatibilityVersion = "Xcode 3.2";
			developmentRegion = English;
			hasScannedForEncodings = 0;
			knownRegions = (
				en,
				Base,
			);
			mainGroup = EEADA7E01F5EB74E0076D127;
			productRefGroup = EEADA7EA1F5EB74E0076D127 /* Products */;
			projectDirPath = "";
			projectRoot = "";
			targets = (
				EEADA7E81F5EB74E0076D127 /* JsonProject */,
			);
		};
/* End PBXProject section */

/* Begin PBXResourcesBuildPhase section */
		EEADA7E71F5EB74E0076D127 /* Resources */ = {
			isa = PBXResourcesBuildPhase;
			buildActionMask = 2147483647;
			files = (
				EEADA7F71F5EB74E0076D127 /* LaunchScreen.storyboard in Resources */,
				EEADA8011F5EBAB70076D127 /* storm.png in Resources */,
				EEADA7F41F5EB74E0076D127 /* Assets.xcassets in Resources */,
				EEADA7F21F5EB74E0076D127 /* Main.storyboard in Resources */,
			);
			runOnlyForDeploymentPostprocessing = 0;
		};
/* End PBXResourcesBuildPhase section */

/* Begin PBXSourcesBuildPhase section */
		EEADA7E51F5EB74E0076D127 /* Sources */ = {
			isa = PBXSourcesBuildPhase;
			buildActionMask = 2147483647;
			files = (
				EEADA7EF1F5EB74E0076D127 /* ViewController.swift in Sources */,
				EEADA7ED1F5EB74E0076D127 /* AppDelegate.swift in Sources */,
			);
			runOnlyForDeploymentPostprocessing = 0;
		};
/* End PBXSourcesBuildPhase section */

/* Begin PBXVariantGroup section */
		EEADA7F01F5EB74E0076D127 /* Main.storyboard */ = {
			isa = PBXVariantGroup;
			children = (
				EEADA7F11F5EB74E0076D127 /* Base */,
			);
			name = Main.storyboard;
			sourceTree = "<group>";
		};
		EEADA7F51F5EB74E0076D127 /* LaunchScreen.storyboard */ = {
			isa = PBXVariantGroup;
			children = (
				EEADA7F61F5EB74E0076D127 /* Base */,
			);
			name = LaunchScreen.storyboard;
			sourceTree = "<group>";
		};
/* End PBXVariantGroup section */

/* Begin XCBuildConfiguration section */
		EEADA7F91F5EB74E0076D127 /* Debug */ = {
			isa = XCBuildConfiguration;
			buildSettings = {
				ALWAYS_SEARCH_USER_PATHS = NO;
				CLANG_ANALYZER_NONNULL = YES;
				CLANG_ANALYZER_NUMBER_OBJECT_CONVERSION = YES_AGGRESSIVE;
				CLANG_CXX_LANGUAGE_STANDARD = "gnu++0x";
				CLANG_CXX_LIBRARY = "libc++";
				CLANG_ENABLE_MODULES = YES;
				CLANG_ENABLE_OBJC_ARC = YES;
				CLANG_WARN_BOOL_CONVERSION = YES;
				CLANG_WARN_CONSTANT_CONVERSION = YES;
				CLANG_WARN_DIRECT_OBJC_ISA_USAGE = YES_ERROR;
				CLANG_WARN_DOCUMENTATION_COMMENTS = YES;
				CLANG_WARN_EMPTY_BODY = YES;
				CLANG_WARN_ENUM_CONVERSION = YES;
				CLANG_WARN_INFINITE_RECURSION = YES;
				CLANG_WARN_INT_CONVERSION = YES;
				CLANG_WARN_OBJC_ROOT_CLASS = YES_ERROR;
				CLANG_WARN_SUSPICIOUS_MOVE = YES;
				CLANG_WARN_UNREACHABLE_CODE = YES;
				CLANG_WARN__DUPLICATE_METHOD_MATCH = YES;
				"CODE_SIGN_IDENTITY[sdk=iphoneos*]" = "iPhone Developer";
				COPY_PHASE_STRIP = NO;
				DEBUG_INFORMATION_FORMAT = dwarf;
				ENABLE_STRICT_OBJC_MSGSEND = YES;
				ENABLE_TESTABILITY = YES;
				GCC_C_LANGUAGE_STANDARD = gnu99;
				GCC_DYNAMIC_NO_PIC = NO;
				GCC_NO_COMMON_BLOCKS = YES;
				GCC_OPTIMIZATION_LEVEL = 0;
				GCC_PREPROCESSOR_DEFINITIONS = (
					"DEBUG=1",
					"$(inherited)",
				);
				GCC_WARN_64_TO_32_BIT_CONVERSION = YES;
				GCC_WARN_ABOUT_RETURN_TYPE = YES_ERROR;
				GCC_WARN_UNDECLARED_SELECTOR = YES;
				GCC_WARN_UNINITIALIZED_AUTOS = YES_AGGRESSIVE;
				GCC_WARN_UNUSED_FUNCTION = YES;
				GCC_WARN_UNUSED_VARIABLE = YES;
				IPHONEOS_DEPLOYMENT_TARGET = 10.3;
				MTL_ENABLE_DEBUG_INFO = YES;
				ONLY_ACTIVE_ARCH = YES;
				SDKROOT = iphoneos;
				SWIFT_ACTIVE_COMPILATION_CONDITIONS = DEBUG;
				SWIFT_OPTIMIZATION_LEVEL = "-Onone";
				TARGETED_DEVICE_FAMILY = "1,2";
			};
			name = Debug;
		};
		EEADA7FA1F5EB74E0076D127 /* Release */ = {
			isa = XCBuildConfiguration;
			buildSettings = {
				ALWAYS_SEARCH_USER_PATHS = NO;
				CLANG_ANALYZER_NONNULL = YES;
				CLANG_ANALYZER_NUMBER_OBJECT_CONVERSION = YES_AGGRESSIVE;
				CLANG_CXX_LANGUAGE_STANDARD = "gnu++0x";
				CLANG_CXX_LIBRARY = "libc++";
				CLANG_ENABLE_MODULES = YES;
				CLANG_ENABLE_OBJC_ARC = YES;
				CLANG_WARN_BOOL_CONVERSION = YES;
				CLANG_WARN_CONSTANT_CONVERSION = YES;
				CLANG_WARN_DIRECT_OBJC_ISA_USAGE = YES_ERROR;
				CLANG_WARN_DOCUMENTATION_COMMENTS = YES;
				CLANG_WARN_EMPTY_BODY = YES;
				CLANG_WARN_ENUM_CONVERSION = YES;
				CLANG_WARN_INFINITE_RECURSION = YES;
				CLANG_WARN_INT_CONVERSION = YES;
				CLANG_WARN_OBJC_ROOT_CLASS = YES_ERROR;
				CLANG_WARN_SUSPICIOUS_MOVE = YES;
				CLANG_WARN_UNREACHABLE_CODE = YES;
				CLANG_WARN__DUPLICATE_METHOD_MATCH = YES;
				"CODE_SIGN_IDENTITY[sdk=iphoneos*]" = "iPhone Developer";
				COPY_PHASE_STRIP = NO;
				DEBUG_INFORMATION_FORMAT = "dwarf-with-dsym";
				ENABLE_NS_ASSERTIONS = NO;
				ENABLE_STRICT_OBJC_MSGSEND = YES;
				GCC_C_LANGUAGE_STANDARD = gnu99;
				GCC_NO_COMMON_BLOCKS = YES;
				GCC_WARN_64_TO_32_BIT_CONVERSION = YES;
				GCC_WARN_ABOUT_RETURN_TYPE = YES_ERROR;
				GCC_WARN_UNDECLARED_SELECTOR = YES;
				GCC_WARN_UNINITIALIZED_AUTOS = YES_AGGRESSIVE;
				GCC_WARN_UNUSED_FUNCTION = YES;
				GCC_WARN_UNUSED_VARIABLE = YES;
				IPHONEOS_DEPLOYMENT_TARGET = 10.3;
				MTL_ENABLE_DEBUG_INFO = NO;
				SDKROOT = iphoneos;
				SWIFT_OPTIMIZATION_LEVEL = "-Owholemodule";
				TARGETED_DEVICE_FAMILY = "1,2";
				VALIDATE_PRODUCT = YES;
			};
			name = Release;
		};
		EEADA7FC1F5EB74E0076D127 /* Debug */ = {
			isa = XCBuildConfiguration;
			buildSettings = {
				ASSETCATALOG_COMPILER_APPICON_NAME = AppIcon;
				DEVELOPMENT_TEAM = TR9CCA88DN;
				INFOPLIST_FILE = JsonProject/Info.plist;
				LD_RUNPATH_SEARCH_PATHS = "$(inherited) @executable_path/Frameworks";
				PRODUCT_BUNDLE_IDENTIFIER = applett.JsonProject;
				PRODUCT_NAME = "$(TARGET_NAME)";
				SWIFT_VERSION = 3.0;
			};
			name = Debug;
		};
		EEADA7FD1F5EB74E0076D127 /* Release */ = {
			isa = XCBuildConfiguration;
			buildSettings = {
				ASSETCATALOG_COMPILER_APPICON_NAME = AppIcon;
				DEVELOPMENT_TEAM = TR9CCA88DN;
				INFOPLIST_FILE = JsonProject/Info.plist;
				LD_RUNPATH_SEARCH_PATHS = "$(inherited) @executable_path/Frameworks";
				PRODUCT_BUNDLE_IDENTIFIER = applett.JsonProject;
				PRODUCT_NAME = "$(TARGET_NAME)";
				SWIFT_VERSION = 3.0;
			};
			name = Release;
		};
/* End XCBuildConfiguration section */

/* Begin XCConfigurationList section */
		EEADA7E41F5EB74E0076D127 /* Build configuration list for PBXProject "JsonProject" */ = {
			isa = XCConfigurationList;
			buildConfigurations = (
				EEADA7F91F5EB74E0076D127 /* Debug */,
				EEADA7FA1F5EB74E0076D127 /* Release */,
			);
			defaultConfigurationIsVisible = 0;
			defaultConfigurationName = Release;
		};
		EEADA7FB1F5EB74E0076D127 /* Build configuration list for PBXNativeTarget "JsonProject" */ = {
			isa = XCConfigurationList;
			buildConfigurations = (
				EEADA7FC1F5EB74E0076D127 /* Debug */,
				EEADA7FD1F5EB74E0076D127 /* Release */,
			);
			defaultConfigurationIsVisible = 0;
		};
/* End XCConfigurationList section */
	};
	rootObject = EEADA7E11F5EB74E0076D127 /* Project object */;
}
